
Microsoft Visual Studio Solution File, Format Version 12.00
# Visual Studio 2013
VisualStudioVersion = 12.0.31101.0
MinimumVisualStudioVersion = 10.0.40219.1
Project("{2150E333-8FDC-42A3-9474-1A3956D46DE8}") = "Ejercicio1", "Ejercicio1", "{457FC15F-9874-4EF7-90F7-307DBB0B3379}"
EndProject
Project("{2150E333-8FDC-42A3-9474-1A3956D46DE8}") = "Lista Forms", "Lista Forms", "{35AD6C03-2080-4B40-882F-255D07BC90D2}"
EndProject
Project("{2150E333-8FDC-42A3-9474-1A3956D46DE8}") = "Ejercicio2", "Ejercicio2", "{775D827D-533C-446A-8D2A-D63E980CAFD6}"
EndProject
Project("{2150E333-8FDC-42A3-9474-1A3956D46DE8}") = "Ejercicio3", "Ejercicio3", "{D59E952F-B4C8-4B0E-B7F4-FB74D3BB9612}"
EndProject
Project("{2150E333-8FDC-42A3-9474-1A3956D46DE8}") = ".nuget", ".nuget", "{2B741718-15DD-4276-8AAC-F0A1A83C4D78}"
	ProjectSection(SolutionItems) = preProject
		.nuget\NuGet.Config = .nuget\NuGet.Config
		.nuget\NuGet.exe = .nuget\NuGet.exe
		.nuget\NuGet.targets = .nuget\NuGet.targets
	EndProjectSection
EndProject
Project("{FAE04EC0-301F-11D3-BF4B-00C04F79EFBC}") = "Lista", "Ejercicio1\Lista\Lista.csproj", "{317AE755-2D2B-406C-A740-22A7609C3AEA}"
EndProject
Project("{FAE04EC0-301F-11D3-BF4B-00C04F79EFBC}") = "Lista.iOS", "Ejercicio1\Lista.iOS\Lista.iOS.csproj", "{30E95C9D-FA9D-4A5C-8226-3CB4B9AFA742}"
EndProject
Project("{FAE04EC0-301F-11D3-BF4B-00C04F79EFBC}") = "ListaSimple", "Ejercicio1\ListaSimple\ListaSimple.csproj", "{FF0001F3-CD8B-4427-A81C-E90C72AA3D85}"
EndProject
Project("{FAE04EC0-301F-11D3-BF4B-00C04F79EFBC}") = "Forms.Lista", "Ejercicio1\Xamarin.Forms\Forms.Lista\Forms.Lista\Forms.Lista.csproj", "{552D54F1-2642-4573-A272-665C7F96B227}"
EndProject
Project("{FAE04EC0-301F-11D3-BF4B-00C04F79EFBC}") = "Forms.Lista.Droid", "Ejercicio1\Xamarin.Forms\Forms.Lista\Forms.Lista.Droid\Forms.Lista.Droid.csproj", "{70B3F376-0569-46C7-9F7B-9AB208B50C6D}"
EndProject
Project("{FAE04EC0-301F-11D3-BF4B-00C04F79EFBC}") = "Forms.Lista.iOS", "Ejercicio1\Xamarin.Forms\Forms.Lista\Forms.Lista.iOS\Forms.Lista.iOS.csproj", "{53D7C643-7F0D-4FC4-B316-A12A5FBF20A7}"
EndProject
Project("{FAE04EC0-301F-11D3-BF4B-00C04F79EFBC}") = "Forms.Lista.WinPhone", "Ejercicio1\Xamarin.Forms\Forms.Lista\Forms.Lista.WinPhone\Forms.Lista.WinPhone.csproj", "{39C09294-E92E-4E6F-973F-4659B762E854}"
EndProject
Project("{FAE04EC0-301F-11D3-BF4B-00C04F79EFBC}") = "MVVM", "Ejercicio2\MVVM\MVVM\MVVM.csproj", "{7742A8A9-2229-4E55-9B64-E4B20163D201}"
EndProject
Project("{FAE04EC0-301F-11D3-BF4B-00C04F79EFBC}") = "MVVM.Droid", "Ejercicio2\MVVM\MVVM.Droid\MVVM.Droid.csproj", "{001FD844-273F-41E0-B2D1-AEC67AE454BC}"
EndProject
Project("{FAE04EC0-301F-11D3-BF4B-00C04F79EFBC}") = "MVVM.iOS", "Ejercicio2\MVVM\MVVM.iOS\MVVM.iOS.csproj", "{D09D14DB-E77D-46C6-8DBF-5B634EB740FD}"
EndProject
Project("{FAE04EC0-301F-11D3-BF4B-00C04F79EFBC}") = "MVVM.WinPhone", "Ejercicio2\MVVM\MVVM.WinPhone\MVVM.WinPhone.csproj", "{50F0EDC2-F36E-4020-B524-4D13D3F2C5EC}"
EndProject
Project("{FAE04EC0-301F-11D3-BF4B-00C04F79EFBC}") = "Forms.Http", "Ejercicio3\Forms.Http\Forms.Http\Forms.Http.csproj", "{F761D2AD-BB2D-489A-A6D9-268A5A6CA344}"
EndProject
Project("{FAE04EC0-301F-11D3-BF4B-00C04F79EFBC}") = "Forms.Http.Droid", "Ejercicio3\Forms.Http\Forms.Http.Droid\Forms.Http.Droid.csproj", "{E9AAFE40-0D09-4D15-97CC-2C5139734272}"
EndProject
Project("{FAE04EC0-301F-11D3-BF4B-00C04F79EFBC}") = "Forms.Http.iOS", "Ejercicio3\Forms.Http\Forms.Http.iOS\Forms.Http.iOS.csproj", "{9C768AE8-5618-4109-8BC8-A8690964BB24}"
EndProject
Project("{FAE04EC0-301F-11D3-BF4B-00C04F79EFBC}") = "Forms.Http.WinPhone", "Ejercicio3\Forms.Http\Forms.Http.WinPhone\Forms.Http.WinPhone.csproj", "{A6264653-6F37-4E6D-A65A-27B66A5C1674}"
EndProject
Project("{FAE04EC0-301F-11D3-BF4B-00C04F79EFBC}") = "Core", "Core\Core.csproj", "{CAE0F603-53A0-4466-BCD0-D7B8C1ED7583}"
EndProject
Global
	GlobalSection(SolutionConfigurationPlatforms) = preSolution
		Ad-Hoc|Any CPU = Ad-Hoc|Any CPU
		Ad-Hoc|ARM = Ad-Hoc|ARM
		Ad-Hoc|iPhone = Ad-Hoc|iPhone
		Ad-Hoc|iPhoneSimulator = Ad-Hoc|iPhoneSimulator
		Ad-Hoc|Mixed Platforms = Ad-Hoc|Mixed Platforms
		Ad-Hoc|x86 = Ad-Hoc|x86
		AppStore|Any CPU = AppStore|Any CPU
		AppStore|ARM = AppStore|ARM
		AppStore|iPhone = AppStore|iPhone
		AppStore|iPhoneSimulator = AppStore|iPhoneSimulator
		AppStore|Mixed Platforms = AppStore|Mixed Platforms
		AppStore|x86 = AppStore|x86
		Debug|Any CPU = Debug|Any CPU
		Debug|ARM = Debug|ARM
		Debug|iPhone = Debug|iPhone
		Debug|iPhoneSimulator = Debug|iPhoneSimulator
		Debug|Mixed Platforms = Debug|Mixed Platforms
		Debug|x86 = Debug|x86
		Release|Any CPU = Release|Any CPU
		Release|ARM = Release|ARM
		Release|iPhone = Release|iPhone
		Release|iPhoneSimulator = Release|iPhoneSimulator
		Release|Mixed Platforms = Release|Mixed Platforms
		Release|x86 = Release|x86
	EndGlobalSection
	GlobalSection(ProjectConfigurationPlatforms) = postSolution
		{317AE755-2D2B-406C-A740-22A7609C3AEA}.Ad-Hoc|Any CPU.ActiveCfg = Release|Any CPU
		{317AE755-2D2B-406C-A740-22A7609C3AEA}.Ad-Hoc|Any CPU.Build.0 = Release|Any CPU
		{317AE755-2D2B-406C-A740-22A7609C3AEA}.Ad-Hoc|Any CPU.Deploy.0 = Release|Any CPU
		{317AE755-2D2B-406C-A740-22A7609C3AEA}.Ad-Hoc|ARM.ActiveCfg = Release|Any CPU
		{317AE755-2D2B-406C-A740-22A7609C3AEA}.Ad-Hoc|iPhone.ActiveCfg = Release|Any CPU
		{317AE755-2D2B-406C-A740-22A7609C3AEA}.Ad-Hoc|iPhoneSimulator.ActiveCfg = Release|Any CPU
		{317AE755-2D2B-406C-A740-22A7609C3AEA}.Ad-Hoc|Mixed Platforms.ActiveCfg = Release|Any CPU
		{317AE755-2D2B-406C-A740-22A7609C3AEA}.Ad-Hoc|Mixed Platforms.Build.0 = Release|Any CPU
		{317AE755-2D2B-406C-A740-22A7609C3AEA}.Ad-Hoc|Mixed Platforms.Deploy.0 = Release|Any CPU
		{317AE755-2D2B-406C-A740-22A7609C3AEA}.Ad-Hoc|x86.ActiveCfg = Release|Any CPU
		{317AE755-2D2B-406C-A740-22A7609C3AEA}.AppStore|Any CPU.ActiveCfg = Release|Any CPU
		{317AE755-2D2B-406C-A740-22A7609C3AEA}.AppStore|Any CPU.Build.0 = Release|Any CPU
		{317AE755-2D2B-406C-A740-22A7609C3AEA}.AppStore|Any CPU.Deploy.0 = Release|Any CPU
		{317AE755-2D2B-406C-A740-22A7609C3AEA}.AppStore|ARM.ActiveCfg = Release|Any CPU
		{317AE755-2D2B-406C-A740-22A7609C3AEA}.AppStore|iPhone.ActiveCfg = Release|Any CPU
		{317AE755-2D2B-406C-A740-22A7609C3AEA}.AppStore|iPhoneSimulator.ActiveCfg = Release|Any CPU
		{317AE755-2D2B-406C-A740-22A7609C3AEA}.AppStore|Mixed Platforms.ActiveCfg = Release|Any CPU
		{317AE755-2D2B-406C-A740-22A7609C3AEA}.AppStore|Mixed Platforms.Build.0 = Release|Any CPU
		{317AE755-2D2B-406C-A740-22A7609C3AEA}.AppStore|Mixed Platforms.Deploy.0 = Release|Any CPU
		{317AE755-2D2B-406C-A740-22A7609C3AEA}.AppStore|x86.ActiveCfg = Release|Any CPU
		{317AE755-2D2B-406C-A740-22A7609C3AEA}.Debug|Any CPU.ActiveCfg = Debug|Any CPU
		{317AE755-2D2B-406C-A740-22A7609C3AEA}.Debug|Any CPU.Build.0 = Debug|Any CPU
		{317AE755-2D2B-406C-A740-22A7609C3AEA}.Debug|Any CPU.Deploy.0 = Debug|Any CPU
		{317AE755-2D2B-406C-A740-22A7609C3AEA}.Debug|ARM.ActiveCfg = Debug|Any CPU
		{317AE755-2D2B-406C-A740-22A7609C3AEA}.Debug|iPhone.ActiveCfg = Debug|Any CPU
		{317AE755-2D2B-406C-A740-22A7609C3AEA}.Debug|iPhoneSimulator.ActiveCfg = Debug|Any CPU
		{317AE755-2D2B-406C-A740-22A7609C3AEA}.Debug|Mixed Platforms.ActiveCfg = Debug|Any CPU
		{317AE755-2D2B-406C-A740-22A7609C3AEA}.Debug|Mixed Platforms.Build.0 = Debug|Any CPU
		{317AE755-2D2B-406C-A740-22A7609C3AEA}.Debug|Mixed Platforms.Deploy.0 = Debug|Any CPU
		{317AE755-2D2B-406C-A740-22A7609C3AEA}.Debug|x86.ActiveCfg = Debug|Any CPU
		{317AE755-2D2B-406C-A740-22A7609C3AEA}.Release|Any CPU.ActiveCfg = Release|Any CPU
		{317AE755-2D2B-406C-A740-22A7609C3AEA}.Release|Any CPU.Build.0 = Release|Any CPU
		{317AE755-2D2B-406C-A740-22A7609C3AEA}.Release|Any CPU.Deploy.0 = Release|Any CPU
		{317AE755-2D2B-406C-A740-22A7609C3AEA}.Release|ARM.ActiveCfg = Release|Any CPU
		{317AE755-2D2B-406C-A740-22A7609C3AEA}.Release|iPhone.ActiveCfg = Release|Any CPU
		{317AE755-2D2B-406C-A740-22A7609C3AEA}.Release|iPhoneSimulator.ActiveCfg = Release|Any CPU
		{317AE755-2D2B-406C-A740-22A7609C3AEA}.Release|Mixed Platforms.ActiveCfg = Release|Any CPU
		{317AE755-2D2B-406C-A740-22A7609C3AEA}.Release|Mixed Platforms.Build.0 = Release|Any CPU
		{317AE755-2D2B-406C-A740-22A7609C3AEA}.Release|Mixed Platforms.Deploy.0 = Release|Any CPU
		{317AE755-2D2B-406C-A740-22A7609C3AEA}.Release|x86.ActiveCfg = Release|Any CPU
		{30E95C9D-FA9D-4A5C-8226-3CB4B9AFA742}.Ad-Hoc|Any CPU.ActiveCfg = Ad-Hoc|iPhone
		{30E95C9D-FA9D-4A5C-8226-3CB4B9AFA742}.Ad-Hoc|ARM.ActiveCfg = Ad-Hoc|iPhone
		{30E95C9D-FA9D-4A5C-8226-3CB4B9AFA742}.Ad-Hoc|iPhone.ActiveCfg = Ad-Hoc|iPhone
		{30E95C9D-FA9D-4A5C-8226-3CB4B9AFA742}.Ad-Hoc|iPhone.Build.0 = Ad-Hoc|iPhone
		{30E95C9D-FA9D-4A5C-8226-3CB4B9AFA742}.Ad-Hoc|iPhoneSimulator.ActiveCfg = Ad-Hoc|iPhoneSimulator
		{30E95C9D-FA9D-4A5C-8226-3CB4B9AFA742}.Ad-Hoc|iPhoneSimulator.Build.0 = Ad-Hoc|iPhoneSimulator
		{30E95C9D-FA9D-4A5C-8226-3CB4B9AFA742}.Ad-Hoc|Mixed Platforms.ActiveCfg = Ad-Hoc|iPhone
		{30E95C9D-FA9D-4A5C-8226-3CB4B9AFA742}.Ad-Hoc|Mixed Platforms.Build.0 = Ad-Hoc|iPhone
		{30E95C9D-FA9D-4A5C-8226-3CB4B9AFA742}.Ad-Hoc|x86.ActiveCfg = Ad-Hoc|iPhone
		{30E95C9D-FA9D-4A5C-8226-3CB4B9AFA742}.AppStore|Any CPU.ActiveCfg = AppStore|iPhone
		{30E95C9D-FA9D-4A5C-8226-3CB4B9AFA742}.AppStore|ARM.ActiveCfg = AppStore|iPhone
		{30E95C9D-FA9D-4A5C-8226-3CB4B9AFA742}.AppStore|iPhone.ActiveCfg = AppStore|iPhone
		{30E95C9D-FA9D-4A5C-8226-3CB4B9AFA742}.AppStore|iPhone.Build.0 = AppStore|iPhone
		{30E95C9D-FA9D-4A5C-8226-3CB4B9AFA742}.AppStore|iPhoneSimulator.ActiveCfg = AppStore|iPhoneSimulator
		{30E95C9D-FA9D-4A5C-8226-3CB4B9AFA742}.AppStore|iPhoneSimulator.Build.0 = AppStore|iPhoneSimulator
		{30E95C9D-FA9D-4A5C-8226-3CB4B9AFA742}.AppStore|Mixed Platforms.ActiveCfg = AppStore|iPhone
		{30E95C9D-FA9D-4A5C-8226-3CB4B9AFA742}.AppStore|Mixed Platforms.Build.0 = AppStore|iPhone
		{30E95C9D-FA9D-4A5C-8226-3CB4B9AFA742}.AppStore|x86.ActiveCfg = AppStore|iPhone
		{30E95C9D-FA9D-4A5C-8226-3CB4B9AFA742}.Debug|Any CPU.ActiveCfg = Debug|iPhone
		{30E95C9D-FA9D-4A5C-8226-3CB4B9AFA742}.Debug|ARM.ActiveCfg = Debug|iPhone
		{30E95C9D-FA9D-4A5C-8226-3CB4B9AFA742}.Debug|iPhone.ActiveCfg = Debug|iPhone
		{30E95C9D-FA9D-4A5C-8226-3CB4B9AFA742}.Debug|iPhone.Build.0 = Debug|iPhone
		{30E95C9D-FA9D-4A5C-8226-3CB4B9AFA742}.Debug|iPhoneSimulator.ActiveCfg = Debug|iPhoneSimulator
		{30E95C9D-FA9D-4A5C-8226-3CB4B9AFA742}.Debug|iPhoneSimulator.Build.0 = Debug|iPhoneSimulator
		{30E95C9D-FA9D-4A5C-8226-3CB4B9AFA742}.Debug|Mixed Platforms.ActiveCfg = Debug|iPhone
		{30E95C9D-FA9D-4A5C-8226-3CB4B9AFA742}.Debug|Mixed Platforms.Build.0 = Debug|iPhone
		{30E95C9D-FA9D-4A5C-8226-3CB4B9AFA742}.Debug|x86.ActiveCfg = Debug|iPhone
		{30E95C9D-FA9D-4A5C-8226-3CB4B9AFA742}.Release|Any CPU.ActiveCfg = Release|iPhone
		{30E95C9D-FA9D-4A5C-8226-3CB4B9AFA742}.Release|ARM.ActiveCfg = Release|iPhone
		{30E95C9D-FA9D-4A5C-8226-3CB4B9AFA742}.Release|iPhone.ActiveCfg = Release|iPhone
		{30E95C9D-FA9D-4A5C-8226-3CB4B9AFA742}.Release|iPhone.Build.0 = Release|iPhone
		{30E95C9D-FA9D-4A5C-8226-3CB4B9AFA742}.Release|iPhoneSimulator.ActiveCfg = Release|iPhoneSimulator
		{30E95C9D-FA9D-4A5C-8226-3CB4B9AFA742}.Release|iPhoneSimulator.Build.0 = Release|iPhoneSimulator
		{30E95C9D-FA9D-4A5C-8226-3CB4B9AFA742}.Release|Mixed Platforms.ActiveCfg = Release|iPhone
		{30E95C9D-FA9D-4A5C-8226-3CB4B9AFA742}.Release|Mixed Platforms.Build.0 = Release|iPhone
		{30E95C9D-FA9D-4A5C-8226-3CB4B9AFA742}.Release|x86.ActiveCfg = Release|iPhone
		{FF0001F3-CD8B-4427-A81C-E90C72AA3D85}.Ad-Hoc|Any CPU.ActiveCfg = Release|Any CPU
		{FF0001F3-CD8B-4427-A81C-E90C72AA3D85}.Ad-Hoc|Any CPU.Build.0 = Release|Any CPU
		{FF0001F3-CD8B-4427-A81C-E90C72AA3D85}.Ad-Hoc|Any CPU.Deploy.0 = Release|Any CPU
		{FF0001F3-CD8B-4427-A81C-E90C72AA3D85}.Ad-Hoc|ARM.ActiveCfg = Release|Any CPU
		{FF0001F3-CD8B-4427-A81C-E90C72AA3D85}.Ad-Hoc|iPhone.ActiveCfg = Release|Any CPU
		{FF0001F3-CD8B-4427-A81C-E90C72AA3D85}.Ad-Hoc|iPhoneSimulator.ActiveCfg = Release|Any CPU
		{FF0001F3-CD8B-4427-A81C-E90C72AA3D85}.Ad-Hoc|Mixed Platforms.ActiveCfg = Release|Any CPU
		{FF0001F3-CD8B-4427-A81C-E90C72AA3D85}.Ad-Hoc|Mixed Platforms.Build.0 = Release|Any CPU
		{FF0001F3-CD8B-4427-A81C-E90C72AA3D85}.Ad-Hoc|Mixed Platforms.Deploy.0 = Release|Any CPU
		{FF0001F3-CD8B-4427-A81C-E90C72AA3D85}.Ad-Hoc|x86.ActiveCfg = Release|Any CPU
		{FF0001F3-CD8B-4427-A81C-E90C72AA3D85}.AppStore|Any CPU.ActiveCfg = Release|Any CPU
		{FF0001F3-CD8B-4427-A81C-E90C72AA3D85}.AppStore|Any CPU.Build.0 = Release|Any CPU
		{FF0001F3-CD8B-4427-A81C-E90C72AA3D85}.AppStore|Any CPU.Deploy.0 = Release|Any CPU
		{FF0001F3-CD8B-4427-A81C-E90C72AA3D85}.AppStore|ARM.ActiveCfg = Release|Any CPU
		{FF0001F3-CD8B-4427-A81C-E90C72AA3D85}.AppStore|iPhone.ActiveCfg = Release|Any CPU
		{FF0001F3-CD8B-4427-A81C-E90C72AA3D85}.AppStore|iPhoneSimulator.ActiveCfg = Release|Any CPU
		{FF0001F3-CD8B-4427-A81C-E90C72AA3D85}.AppStore|Mixed Platforms.ActiveCfg = Release|Any CPU
		{FF0001F3-CD8B-4427-A81C-E90C72AA3D85}.AppStore|Mixed Platforms.Build.0 = Release|Any CPU
		{FF0001F3-CD8B-4427-A81C-E90C72AA3D85}.AppStore|Mixed Platforms.Deploy.0 = Release|Any CPU
		{FF0001F3-CD8B-4427-A81C-E90C72AA3D85}.AppStore|x86.ActiveCfg = Release|Any CPU
		{FF0001F3-CD8B-4427-A81C-E90C72AA3D85}.Debug|Any CPU.ActiveCfg = Debug|Any CPU
		{FF0001F3-CD8B-4427-A81C-E90C72AA3D85}.Debug|Any CPU.Build.0 = Debug|Any CPU
		{FF0001F3-CD8B-4427-A81C-E90C72AA3D85}.Debug|Any CPU.Deploy.0 = Debug|Any CPU
		{FF0001F3-CD8B-4427-A81C-E90C72AA3D85}.Debug|ARM.ActiveCfg = Debug|Any CPU
		{FF0001F3-CD8B-4427-A81C-E90C72AA3D85}.Debug|iPhone.ActiveCfg = Debug|Any CPU
		{FF0001F3-CD8B-4427-A81C-E90C72AA3D85}.Debug|iPhoneSimulator.ActiveCfg = Debug|Any CPU
		{FF0001F3-CD8B-4427-A81C-E90C72AA3D85}.Debug|Mixed Platforms.ActiveCfg = Debug|Any CPU
		{FF0001F3-CD8B-4427-A81C-E90C72AA3D85}.Debug|Mixed Platforms.Build.0 = Debug|Any CPU
		{FF0001F3-CD8B-4427-A81C-E90C72AA3D85}.Debug|Mixed Platforms.Deploy.0 = Debug|Any CPU
		{FF0001F3-CD8B-4427-A81C-E90C72AA3D85}.Debug|x86.ActiveCfg = Debug|Any CPU
		{FF0001F3-CD8B-4427-A81C-E90C72AA3D85}.Release|Any CPU.ActiveCfg = Release|Any CPU
		{FF0001F3-CD8B-4427-A81C-E90C72AA3D85}.Release|Any CPU.Build.0 = Release|Any CPU
		{FF0001F3-CD8B-4427-A81C-E90C72AA3D85}.Release|Any CPU.Deploy.0 = Release|Any CPU
		{FF0001F3-CD8B-4427-A81C-E90C72AA3D85}.Release|ARM.ActiveCfg = Release|Any CPU
		{FF0001F3-CD8B-4427-A81C-E90C72AA3D85}.Release|iPhone.ActiveCfg = Release|Any CPU
		{FF0001F3-CD8B-4427-A81C-E90C72AA3D85}.Release|iPhoneSimulator.ActiveCfg = Release|Any CPU
		{FF0001F3-CD8B-4427-A81C-E90C72AA3D85}.Release|Mixed Platforms.ActiveCfg = Release|Any CPU
		{FF0001F3-CD8B-4427-A81C-E90C72AA3D85}.Release|Mixed Platforms.Build.0 = Release|Any CPU
		{FF0001F3-CD8B-4427-A81C-E90C72AA3D85}.Release|Mixed Platforms.Deploy.0 = Release|Any CPU
		{FF0001F3-CD8B-4427-A81C-E90C72AA3D85}.Release|x86.ActiveCfg = Release|Any CPU
		{552D54F1-2642-4573-A272-665C7F96B227}.Ad-Hoc|Any CPU.ActiveCfg = Release|Any CPU
		{552D54F1-2642-4573-A272-665C7F96B227}.Ad-Hoc|Any CPU.Build.0 = Release|Any CPU
		{552D54F1-2642-4573-A272-665C7F96B227}.Ad-Hoc|ARM.ActiveCfg = Release|Any CPU
		{552D54F1-2642-4573-A272-665C7F96B227}.Ad-Hoc|iPhone.ActiveCfg = Release|Any CPU
		{552D54F1-2642-4573-A272-665C7F96B227}.Ad-Hoc|iPhoneSimulator.ActiveCfg = Release|Any CPU
		{552D54F1-2642-4573-A272-665C7F96B227}.Ad-Hoc|Mixed Platforms.ActiveCfg = Release|Any CPU
		{552D54F1-2642-4573-A272-665C7F96B227}.Ad-Hoc|Mixed Platforms.Build.0 = Release|Any CPU
		{552D54F1-2642-4573-A272-665C7F96B227}.Ad-Hoc|x86.ActiveCfg = Release|Any CPU
		{552D54F1-2642-4573-A272-665C7F96B227}.AppStore|Any CPU.ActiveCfg = Release|Any CPU
		{552D54F1-2642-4573-A272-665C7F96B227}.AppStore|Any CPU.Build.0 = Release|Any CPU
		{552D54F1-2642-4573-A272-665C7F96B227}.AppStore|ARM.ActiveCfg = Release|Any CPU
		{552D54F1-2642-4573-A272-665C7F96B227}.AppStore|iPhone.ActiveCfg = Release|Any CPU
		{552D54F1-2642-4573-A272-665C7F96B227}.AppStore|iPhoneSimulator.ActiveCfg = Release|Any CPU
		{552D54F1-2642-4573-A272-665C7F96B227}.AppStore|Mixed Platforms.ActiveCfg = Release|Any CPU
		{552D54F1-2642-4573-A272-665C7F96B227}.AppStore|Mixed Platforms.Build.0 = Release|Any CPU
		{552D54F1-2642-4573-A272-665C7F96B227}.AppStore|x86.ActiveCfg = Release|Any CPU
		{552D54F1-2642-4573-A272-665C7F96B227}.Debug|Any CPU.ActiveCfg = Debug|Any CPU
		{552D54F1-2642-4573-A272-665C7F96B227}.Debug|Any CPU.Build.0 = Debug|Any CPU
		{552D54F1-2642-4573-A272-665C7F96B227}.Debug|ARM.ActiveCfg = Debug|Any CPU
		{552D54F1-2642-4573-A272-665C7F96B227}.Debug|iPhone.ActiveCfg = Debug|Any CPU
		{552D54F1-2642-4573-A272-665C7F96B227}.Debug|iPhoneSimulator.ActiveCfg = Debug|Any CPU
		{552D54F1-2642-4573-A272-665C7F96B227}.Debug|Mixed Platforms.ActiveCfg = Debug|Any CPU
		{552D54F1-2642-4573-A272-665C7F96B227}.Debug|Mixed Platforms.Build.0 = Debug|Any CPU
		{552D54F1-2642-4573-A272-665C7F96B227}.Debug|x86.ActiveCfg = Debug|Any CPU
		{552D54F1-2642-4573-A272-665C7F96B227}.Release|Any CPU.ActiveCfg = Release|Any CPU
		{552D54F1-2642-4573-A272-665C7F96B227}.Release|Any CPU.Build.0 = Release|Any CPU
		{552D54F1-2642-4573-A272-665C7F96B227}.Release|ARM.ActiveCfg = Release|Any CPU
		{552D54F1-2642-4573-A272-665C7F96B227}.Release|iPhone.ActiveCfg = Release|Any CPU
		{552D54F1-2642-4573-A272-665C7F96B227}.Release|iPhoneSimulator.ActiveCfg = Release|Any CPU
		{552D54F1-2642-4573-A272-665C7F96B227}.Release|Mixed Platforms.ActiveCfg = Release|Any CPU
		{552D54F1-2642-4573-A272-665C7F96B227}.Release|Mixed Platforms.Build.0 = Release|Any CPU
		{552D54F1-2642-4573-A272-665C7F96B227}.Release|x86.ActiveCfg = Release|Any CPU
		{70B3F376-0569-46C7-9F7B-9AB208B50C6D}.Ad-Hoc|Any CPU.ActiveCfg = Release|Any CPU
		{70B3F376-0569-46C7-9F7B-9AB208B50C6D}.Ad-Hoc|Any CPU.Build.0 = Release|Any CPU
		{70B3F376-0569-46C7-9F7B-9AB208B50C6D}.Ad-Hoc|Any CPU.Deploy.0 = Release|Any CPU
		{70B3F376-0569-46C7-9F7B-9AB208B50C6D}.Ad-Hoc|ARM.ActiveCfg = Release|Any CPU
		{70B3F376-0569-46C7-9F7B-9AB208B50C6D}.Ad-Hoc|iPhone.ActiveCfg = Release|Any CPU
		{70B3F376-0569-46C7-9F7B-9AB208B50C6D}.Ad-Hoc|iPhoneSimulator.ActiveCfg = Release|Any CPU
		{70B3F376-0569-46C7-9F7B-9AB208B50C6D}.Ad-Hoc|Mixed Platforms.ActiveCfg = Release|Any CPU
		{70B3F376-0569-46C7-9F7B-9AB208B50C6D}.Ad-Hoc|Mixed Platforms.Build.0 = Release|Any CPU
		{70B3F376-0569-46C7-9F7B-9AB208B50C6D}.Ad-Hoc|Mixed Platforms.Deploy.0 = Release|Any CPU
		{70B3F376-0569-46C7-9F7B-9AB208B50C6D}.Ad-Hoc|x86.ActiveCfg = Release|Any CPU
		{70B3F376-0569-46C7-9F7B-9AB208B50C6D}.AppStore|Any CPU.ActiveCfg = Release|Any CPU
		{70B3F376-0569-46C7-9F7B-9AB208B50C6D}.AppStore|Any CPU.Build.0 = Release|Any CPU
		{70B3F376-0569-46C7-9F7B-9AB208B50C6D}.AppStore|Any CPU.Deploy.0 = Release|Any CPU
		{70B3F376-0569-46C7-9F7B-9AB208B50C6D}.AppStore|ARM.ActiveCfg = Release|Any CPU
		{70B3F376-0569-46C7-9F7B-9AB208B50C6D}.AppStore|iPhone.ActiveCfg = Release|Any CPU
		{70B3F376-0569-46C7-9F7B-9AB208B50C6D}.AppStore|iPhoneSimulator.ActiveCfg = Release|Any CPU
		{70B3F376-0569-46C7-9F7B-9AB208B50C6D}.AppStore|Mixed Platforms.ActiveCfg = Release|Any CPU
		{70B3F376-0569-46C7-9F7B-9AB208B50C6D}.AppStore|Mixed Platforms.Build.0 = Release|Any CPU
		{70B3F376-0569-46C7-9F7B-9AB208B50C6D}.AppStore|Mixed Platforms.Deploy.0 = Release|Any CPU
		{70B3F376-0569-46C7-9F7B-9AB208B50C6D}.AppStore|x86.ActiveCfg = Release|Any CPU
		{70B3F376-0569-46C7-9F7B-9AB208B50C6D}.Debug|Any CPU.ActiveCfg = Debug|Any CPU
		{70B3F376-0569-46C7-9F7B-9AB208B50C6D}.Debug|Any CPU.Build.0 = Debug|Any CPU
		{70B3F376-0569-46C7-9F7B-9AB208B50C6D}.Debug|Any CPU.Deploy.0 = Debug|Any CPU
		{70B3F376-0569-46C7-9F7B-9AB208B50C6D}.Debug|ARM.ActiveCfg = Debug|Any CPU
		{70B3F376-0569-46C7-9F7B-9AB208B50C6D}.Debug|iPhone.ActiveCfg = Debug|Any CPU
		{70B3F376-0569-46C7-9F7B-9AB208B50C6D}.Debug|iPhoneSimulator.ActiveCfg = Debug|Any CPU
		{70B3F376-0569-46C7-9F7B-9AB208B50C6D}.Debug|Mixed Platforms.ActiveCfg = Debug|Any CPU
		{70B3F376-0569-46C7-9F7B-9AB208B50C6D}.Debug|Mixed Platforms.Build.0 = Debug|Any CPU
		{70B3F376-0569-46C7-9F7B-9AB208B50C6D}.Debug|Mixed Platforms.Deploy.0 = Debug|Any CPU
		{70B3F376-0569-46C7-9F7B-9AB208B50C6D}.Debug|x86.ActiveCfg = Debug|Any CPU
		{70B3F376-0569-46C7-9F7B-9AB208B50C6D}.Release|Any CPU.ActiveCfg = Release|Any CPU
		{70B3F376-0569-46C7-9F7B-9AB208B50C6D}.Release|Any CPU.Build.0 = Release|Any CPU
		{70B3F376-0569-46C7-9F7B-9AB208B50C6D}.Release|Any CPU.Deploy.0 = Release|Any CPU
		{70B3F376-0569-46C7-9F7B-9AB208B50C6D}.Release|ARM.ActiveCfg = Release|Any CPU
		{70B3F376-0569-46C7-9F7B-9AB208B50C6D}.Release|iPhone.ActiveCfg = Release|Any CPU
		{70B3F376-0569-46C7-9F7B-9AB208B50C6D}.Release|iPhoneSimulator.ActiveCfg = Release|Any CPU
		{70B3F376-0569-46C7-9F7B-9AB208B50C6D}.Release|Mixed Platforms.ActiveCfg = Release|Any CPU
		{70B3F376-0569-46C7-9F7B-9AB208B50C6D}.Release|Mixed Platforms.Build.0 = Release|Any CPU
		{70B3F376-0569-46C7-9F7B-9AB208B50C6D}.Release|Mixed Platforms.Deploy.0 = Release|Any CPU
		{70B3F376-0569-46C7-9F7B-9AB208B50C6D}.Release|x86.ActiveCfg = Release|Any CPU
		{53D7C643-7F0D-4FC4-B316-A12A5FBF20A7}.Ad-Hoc|Any CPU.ActiveCfg = Ad-Hoc|iPhone
		{53D7C643-7F0D-4FC4-B316-A12A5FBF20A7}.Ad-Hoc|ARM.ActiveCfg = Ad-Hoc|iPhone
		{53D7C643-7F0D-4FC4-B316-A12A5FBF20A7}.Ad-Hoc|iPhone.ActiveCfg = Ad-Hoc|iPhone
		{53D7C643-7F0D-4FC4-B316-A12A5FBF20A7}.Ad-Hoc|iPhone.Build.0 = Ad-Hoc|iPhone
		{53D7C643-7F0D-4FC4-B316-A12A5FBF20A7}.Ad-Hoc|iPhoneSimulator.ActiveCfg = Ad-Hoc|iPhoneSimulator
		{53D7C643-7F0D-4FC4-B316-A12A5FBF20A7}.Ad-Hoc|iPhoneSimulator.Build.0 = Ad-Hoc|iPhoneSimulator
		{53D7C643-7F0D-4FC4-B316-A12A5FBF20A7}.Ad-Hoc|Mixed Platforms.ActiveCfg = Ad-Hoc|iPhone
		{53D7C643-7F0D-4FC4-B316-A12A5FBF20A7}.Ad-Hoc|Mixed Platforms.Build.0 = Ad-Hoc|iPhone
		{53D7C643-7F0D-4FC4-B316-A12A5FBF20A7}.Ad-Hoc|x86.ActiveCfg = Ad-Hoc|iPhone
		{53D7C643-7F0D-4FC4-B316-A12A5FBF20A7}.AppStore|Any CPU.ActiveCfg = AppStore|iPhone
		{53D7C643-7F0D-4FC4-B316-A12A5FBF20A7}.AppStore|ARM.ActiveCfg = AppStore|iPhone
		{53D7C643-7F0D-4FC4-B316-A12A5FBF20A7}.AppStore|iPhone.ActiveCfg = AppStore|iPhone
		{53D7C643-7F0D-4FC4-B316-A12A5FBF20A7}.AppStore|iPhone.Build.0 = AppStore|iPhone
		{53D7C643-7F0D-4FC4-B316-A12A5FBF20A7}.AppStore|iPhoneSimulator.ActiveCfg = AppStore|iPhoneSimulator
		{53D7C643-7F0D-4FC4-B316-A12A5FBF20A7}.AppStore|iPhoneSimulator.Build.0 = AppStore|iPhoneSimulator
		{53D7C643-7F0D-4FC4-B316-A12A5FBF20A7}.AppStore|Mixed Platforms.ActiveCfg = AppStore|iPhone
		{53D7C643-7F0D-4FC4-B316-A12A5FBF20A7}.AppStore|Mixed Platforms.Build.0 = AppStore|iPhone
		{53D7C643-7F0D-4FC4-B316-A12A5FBF20A7}.AppStore|x86.ActiveCfg = AppStore|iPhone
		{53D7C643-7F0D-4FC4-B316-A12A5FBF20A7}.Debug|Any CPU.ActiveCfg = Debug|iPhone
		{53D7C643-7F0D-4FC4-B316-A12A5FBF20A7}.Debug|ARM.ActiveCfg = Debug|iPhone
		{53D7C643-7F0D-4FC4-B316-A12A5FBF20A7}.Debug|iPhone.ActiveCfg = Debug|iPhone
		{53D7C643-7F0D-4FC4-B316-A12A5FBF20A7}.Debug|iPhone.Build.0 = Debug|iPhone
		{53D7C643-7F0D-4FC4-B316-A12A5FBF20A7}.Debug|iPhoneSimulator.ActiveCfg = Debug|iPhoneSimulator
		{53D7C643-7F0D-4FC4-B316-A12A5FBF20A7}.Debug|iPhoneSimulator.Build.0 = Debug|iPhoneSimulator
		{53D7C643-7F0D-4FC4-B316-A12A5FBF20A7}.Debug|Mixed Platforms.ActiveCfg = Debug|iPhone
		{53D7C643-7F0D-4FC4-B316-A12A5FBF20A7}.Debug|Mixed Platforms.Build.0 = Debug|iPhone
		{53D7C643-7F0D-4FC4-B316-A12A5FBF20A7}.Debug|x86.ActiveCfg = Debug|iPhone
		{53D7C643-7F0D-4FC4-B316-A12A5FBF20A7}.Release|Any CPU.ActiveCfg = Release|iPhone
		{53D7C643-7F0D-4FC4-B316-A12A5FBF20A7}.Release|ARM.ActiveCfg = Release|iPhone
		{53D7C643-7F0D-4FC4-B316-A12A5FBF20A7}.Release|iPhone.ActiveCfg = Release|iPhone
		{53D7C643-7F0D-4FC4-B316-A12A5FBF20A7}.Release|iPhone.Build.0 = Release|iPhone
		{53D7C643-7F0D-4FC4-B316-A12A5FBF20A7}.Release|iPhoneSimulator.ActiveCfg = Release|iPhoneSimulator
		{53D7C643-7F0D-4FC4-B316-A12A5FBF20A7}.Release|iPhoneSimulator.Build.0 = Release|iPhoneSimulator
		{53D7C643-7F0D-4FC4-B316-A12A5FBF20A7}.Release|Mixed Platforms.ActiveCfg = Release|iPhone
		{53D7C643-7F0D-4FC4-B316-A12A5FBF20A7}.Release|Mixed Platforms.Build.0 = Release|iPhone
		{53D7C643-7F0D-4FC4-B316-A12A5FBF20A7}.Release|x86.ActiveCfg = Release|iPhone
		{39C09294-E92E-4E6F-973F-4659B762E854}.Ad-Hoc|Any CPU.ActiveCfg = Release|Any CPU
		{39C09294-E92E-4E6F-973F-4659B762E854}.Ad-Hoc|Any CPU.Build.0 = Release|Any CPU
		{39C09294-E92E-4E6F-973F-4659B762E854}.Ad-Hoc|Any CPU.Deploy.0 = Release|Any CPU
		{39C09294-E92E-4E6F-973F-4659B762E854}.Ad-Hoc|ARM.ActiveCfg = Release|ARM
		{39C09294-E92E-4E6F-973F-4659B762E854}.Ad-Hoc|ARM.Build.0 = Release|ARM
		{39C09294-E92E-4E6F-973F-4659B762E854}.Ad-Hoc|ARM.Deploy.0 = Release|ARM
		{39C09294-E92E-4E6F-973F-4659B762E854}.Ad-Hoc|iPhone.ActiveCfg = Release|Any CPU
		{39C09294-E92E-4E6F-973F-4659B762E854}.Ad-Hoc|iPhoneSimulator.ActiveCfg = Release|Any CPU
		{39C09294-E92E-4E6F-973F-4659B762E854}.Ad-Hoc|Mixed Platforms.ActiveCfg = Release|x86
		{39C09294-E92E-4E6F-973F-4659B762E854}.Ad-Hoc|Mixed Platforms.Build.0 = Release|x86
		{39C09294-E92E-4E6F-973F-4659B762E854}.Ad-Hoc|Mixed Platforms.Deploy.0 = Release|x86
		{39C09294-E92E-4E6F-973F-4659B762E854}.Ad-Hoc|x86.ActiveCfg = Release|x86
		{39C09294-E92E-4E6F-973F-4659B762E854}.Ad-Hoc|x86.Build.0 = Release|x86
		{39C09294-E92E-4E6F-973F-4659B762E854}.Ad-Hoc|x86.Deploy.0 = Release|x86
		{39C09294-E92E-4E6F-973F-4659B762E854}.AppStore|Any CPU.ActiveCfg = Release|Any CPU
		{39C09294-E92E-4E6F-973F-4659B762E854}.AppStore|Any CPU.Build.0 = Release|Any CPU
		{39C09294-E92E-4E6F-973F-4659B762E854}.AppStore|Any CPU.Deploy.0 = Release|Any CPU
		{39C09294-E92E-4E6F-973F-4659B762E854}.AppStore|ARM.ActiveCfg = Release|ARM
		{39C09294-E92E-4E6F-973F-4659B762E854}.AppStore|ARM.Build.0 = Release|ARM
		{39C09294-E92E-4E6F-973F-4659B762E854}.AppStore|ARM.Deploy.0 = Release|ARM
		{39C09294-E92E-4E6F-973F-4659B762E854}.AppStore|iPhone.ActiveCfg = Release|Any CPU
		{39C09294-E92E-4E6F-973F-4659B762E854}.AppStore|iPhoneSimulator.ActiveCfg = Release|Any CPU
		{39C09294-E92E-4E6F-973F-4659B762E854}.AppStore|Mixed Platforms.ActiveCfg = Release|x86
		{39C09294-E92E-4E6F-973F-4659B762E854}.AppStore|Mixed Platforms.Build.0 = Release|x86
		{39C09294-E92E-4E6F-973F-4659B762E854}.AppStore|Mixed Platforms.Deploy.0 = Release|x86
		{39C09294-E92E-4E6F-973F-4659B762E854}.AppStore|x86.ActiveCfg = Release|x86
		{39C09294-E92E-4E6F-973F-4659B762E854}.AppStore|x86.Build.0 = Release|x86
		{39C09294-E92E-4E6F-973F-4659B762E854}.AppStore|x86.Deploy.0 = Release|x86
		{39C09294-E92E-4E6F-973F-4659B762E854}.Debug|Any CPU.ActiveCfg = Debug|Any CPU
		{39C09294-E92E-4E6F-973F-4659B762E854}.Debug|Any CPU.Build.0 = Debug|Any CPU
		{39C09294-E92E-4E6F-973F-4659B762E854}.Debug|Any CPU.Deploy.0 = Debug|Any CPU
		{39C09294-E92E-4E6F-973F-4659B762E854}.Debug|ARM.ActiveCfg = Debug|ARM
		{39C09294-E92E-4E6F-973F-4659B762E854}.Debug|ARM.Build.0 = Debug|ARM
		{39C09294-E92E-4E6F-973F-4659B762E854}.Debug|ARM.Deploy.0 = Debug|ARM
		{39C09294-E92E-4E6F-973F-4659B762E854}.Debug|iPhone.ActiveCfg = Debug|Any CPU
		{39C09294-E92E-4E6F-973F-4659B762E854}.Debug|iPhoneSimulator.ActiveCfg = Debug|Any CPU
		{39C09294-E92E-4E6F-973F-4659B762E854}.Debug|Mixed Platforms.ActiveCfg = Debug|x86
		{39C09294-E92E-4E6F-973F-4659B762E854}.Debug|Mixed Platforms.Build.0 = Debug|x86
		{39C09294-E92E-4E6F-973F-4659B762E854}.Debug|Mixed Platforms.Deploy.0 = Debug|x86
		{39C09294-E92E-4E6F-973F-4659B762E854}.Debug|x86.ActiveCfg = Debug|x86
		{39C09294-E92E-4E6F-973F-4659B762E854}.Debug|x86.Build.0 = Debug|x86
		{39C09294-E92E-4E6F-973F-4659B762E854}.Debug|x86.Deploy.0 = Debug|x86
		{39C09294-E92E-4E6F-973F-4659B762E854}.Release|Any CPU.ActiveCfg = Release|Any CPU
		{39C09294-E92E-4E6F-973F-4659B762E854}.Release|Any CPU.Build.0 = Release|Any CPU
		{39C09294-E92E-4E6F-973F-4659B762E854}.Release|Any CPU.Deploy.0 = Release|Any CPU
		{39C09294-E92E-4E6F-973F-4659B762E854}.Release|ARM.ActiveCfg = Release|ARM
		{39C09294-E92E-4E6F-973F-4659B762E854}.Release|ARM.Build.0 = Release|ARM
		{39C09294-E92E-4E6F-973F-4659B762E854}.Release|ARM.Deploy.0 = Release|ARM
		{39C09294-E92E-4E6F-973F-4659B762E854}.Release|iPhone.ActiveCfg = Release|Any CPU
		{39C09294-E92E-4E6F-973F-4659B762E854}.Release|iPhoneSimulator.ActiveCfg = Release|Any CPU
		{39C09294-E92E-4E6F-973F-4659B762E854}.Release|Mixed Platforms.ActiveCfg = Release|x86
		{39C09294-E92E-4E6F-973F-4659B762E854}.Release|Mixed Platforms.Build.0 = Release|x86
		{39C09294-E92E-4E6F-973F-4659B762E854}.Release|Mixed Platforms.Deploy.0 = Release|x86
		{39C09294-E92E-4E6F-973F-4659B762E854}.Release|x86.ActiveCfg = Release|x86
		{39C09294-E92E-4E6F-973F-4659B762E854}.Release|x86.Build.0 = Release|x86
		{39C09294-E92E-4E6F-973F-4659B762E854}.Release|x86.Deploy.0 = Release|x86
		{7742A8A9-2229-4E55-9B64-E4B20163D201}.Ad-Hoc|Any CPU.ActiveCfg = Release|Any CPU
		{7742A8A9-2229-4E55-9B64-E4B20163D201}.Ad-Hoc|Any CPU.Build.0 = Release|Any CPU
		{7742A8A9-2229-4E55-9B64-E4B20163D201}.Ad-Hoc|ARM.ActiveCfg = Release|Any CPU
		{7742A8A9-2229-4E55-9B64-E4B20163D201}.Ad-Hoc|iPhone.ActiveCfg = Release|Any CPU
		{7742A8A9-2229-4E55-9B64-E4B20163D201}.Ad-Hoc|iPhoneSimulator.ActiveCfg = Release|Any CPU
		{7742A8A9-2229-4E55-9B64-E4B20163D201}.Ad-Hoc|Mixed Platforms.ActiveCfg = Release|Any CPU
		{7742A8A9-2229-4E55-9B64-E4B20163D201}.Ad-Hoc|Mixed Platforms.Build.0 = Release|Any CPU
		{7742A8A9-2229-4E55-9B64-E4B20163D201}.Ad-Hoc|x86.ActiveCfg = Release|Any CPU
		{7742A8A9-2229-4E55-9B64-E4B20163D201}.AppStore|Any CPU.ActiveCfg = Release|Any CPU
		{7742A8A9-2229-4E55-9B64-E4B20163D201}.AppStore|Any CPU.Build.0 = Release|Any CPU
		{7742A8A9-2229-4E55-9B64-E4B20163D201}.AppStore|ARM.ActiveCfg = Release|Any CPU
		{7742A8A9-2229-4E55-9B64-E4B20163D201}.AppStore|iPhone.ActiveCfg = Release|Any CPU
		{7742A8A9-2229-4E55-9B64-E4B20163D201}.AppStore|iPhoneSimulator.ActiveCfg = Release|Any CPU
		{7742A8A9-2229-4E55-9B64-E4B20163D201}.AppStore|Mixed Platforms.ActiveCfg = Release|Any CPU
		{7742A8A9-2229-4E55-9B64-E4B20163D201}.AppStore|Mixed Platforms.Build.0 = Release|Any CPU
		{7742A8A9-2229-4E55-9B64-E4B20163D201}.AppStore|x86.ActiveCfg = Release|Any CPU
		{7742A8A9-2229-4E55-9B64-E4B20163D201}.Debug|Any CPU.ActiveCfg = Debug|Any CPU
		{7742A8A9-2229-4E55-9B64-E4B20163D201}.Debug|Any CPU.Build.0 = Debug|Any CPU
		{7742A8A9-2229-4E55-9B64-E4B20163D201}.Debug|ARM.ActiveCfg = Debug|Any CPU
		{7742A8A9-2229-4E55-9B64-E4B20163D201}.Debug|iPhone.ActiveCfg = Debug|Any CPU
		{7742A8A9-2229-4E55-9B64-E4B20163D201}.Debug|iPhoneSimulator.ActiveCfg = Debug|Any CPU
		{7742A8A9-2229-4E55-9B64-E4B20163D201}.Debug|Mixed Platforms.ActiveCfg = Debug|Any CPU
		{7742A8A9-2229-4E55-9B64-E4B20163D201}.Debug|Mixed Platforms.Build.0 = Debug|Any CPU
		{7742A8A9-2229-4E55-9B64-E4B20163D201}.Debug|x86.ActiveCfg = Debug|Any CPU
		{7742A8A9-2229-4E55-9B64-E4B20163D201}.Release|Any CPU.ActiveCfg = Release|Any CPU
		{7742A8A9-2229-4E55-9B64-E4B20163D201}.Release|Any CPU.Build.0 = Release|Any CPU
		{7742A8A9-2229-4E55-9B64-E4B20163D201}.Release|ARM.ActiveCfg = Release|Any CPU
		{7742A8A9-2229-4E55-9B64-E4B20163D201}.Release|iPhone.ActiveCfg = Release|Any CPU
		{7742A8A9-2229-4E55-9B64-E4B20163D201}.Release|iPhoneSimulator.ActiveCfg = Release|Any CPU
		{7742A8A9-2229-4E55-9B64-E4B20163D201}.Release|Mixed Platforms.ActiveCfg = Release|Any CPU
		{7742A8A9-2229-4E55-9B64-E4B20163D201}.Release|Mixed Platforms.Build.0 = Release|Any CPU
		{7742A8A9-2229-4E55-9B64-E4B20163D201}.Release|x86.ActiveCfg = Release|Any CPU
		{001FD844-273F-41E0-B2D1-AEC67AE454BC}.Ad-Hoc|Any CPU.ActiveCfg = Release|Any CPU
		{001FD844-273F-41E0-B2D1-AEC67AE454BC}.Ad-Hoc|Any CPU.Build.0 = Release|Any CPU
		{001FD844-273F-41E0-B2D1-AEC67AE454BC}.Ad-Hoc|Any CPU.Deploy.0 = Release|Any CPU
		{001FD844-273F-41E0-B2D1-AEC67AE454BC}.Ad-Hoc|ARM.ActiveCfg = Release|Any CPU
		{001FD844-273F-41E0-B2D1-AEC67AE454BC}.Ad-Hoc|iPhone.ActiveCfg = Release|Any CPU
		{001FD844-273F-41E0-B2D1-AEC67AE454BC}.Ad-Hoc|iPhoneSimulator.ActiveCfg = Release|Any CPU
		{001FD844-273F-41E0-B2D1-AEC67AE454BC}.Ad-Hoc|Mixed Platforms.ActiveCfg = Release|Any CPU
		{001FD844-273F-41E0-B2D1-AEC67AE454BC}.Ad-Hoc|Mixed Platforms.Build.0 = Release|Any CPU
		{001FD844-273F-41E0-B2D1-AEC67AE454BC}.Ad-Hoc|Mixed Platforms.Deploy.0 = Release|Any CPU
		{001FD844-273F-41E0-B2D1-AEC67AE454BC}.Ad-Hoc|x86.ActiveCfg = Release|Any CPU
		{001FD844-273F-41E0-B2D1-AEC67AE454BC}.AppStore|Any CPU.ActiveCfg = Release|Any CPU
		{001FD844-273F-41E0-B2D1-AEC67AE454BC}.AppStore|Any CPU.Build.0 = Release|Any CPU
		{001FD844-273F-41E0-B2D1-AEC67AE454BC}.AppStore|Any CPU.Deploy.0 = Release|Any CPU
		{001FD844-273F-41E0-B2D1-AEC67AE454BC}.AppStore|ARM.ActiveCfg = Release|Any CPU
		{001FD844-273F-41E0-B2D1-AEC67AE454BC}.AppStore|iPhone.ActiveCfg = Release|Any CPU
		{001FD844-273F-41E0-B2D1-AEC67AE454BC}.AppStore|iPhoneSimulator.ActiveCfg = Release|Any CPU
		{001FD844-273F-41E0-B2D1-AEC67AE454BC}.AppStore|Mixed Platforms.ActiveCfg = Release|Any CPU
		{001FD844-273F-41E0-B2D1-AEC67AE454BC}.AppStore|Mixed Platforms.Build.0 = Release|Any CPU
		{001FD844-273F-41E0-B2D1-AEC67AE454BC}.AppStore|Mixed Platforms.Deploy.0 = Release|Any CPU
		{001FD844-273F-41E0-B2D1-AEC67AE454BC}.AppStore|x86.ActiveCfg = Release|Any CPU
		{001FD844-273F-41E0-B2D1-AEC67AE454BC}.Debug|Any CPU.ActiveCfg = Debug|Any CPU
		{001FD844-273F-41E0-B2D1-AEC67AE454BC}.Debug|Any CPU.Build.0 = Debug|Any CPU
		{001FD844-273F-41E0-B2D1-AEC67AE454BC}.Debug|Any CPU.Deploy.0 = Debug|Any CPU
		{001FD844-273F-41E0-B2D1-AEC67AE454BC}.Debug|ARM.ActiveCfg = Debug|Any CPU
		{001FD844-273F-41E0-B2D1-AEC67AE454BC}.Debug|iPhone.ActiveCfg = Debug|Any CPU
		{001FD844-273F-41E0-B2D1-AEC67AE454BC}.Debug|iPhoneSimulator.ActiveCfg = Debug|Any CPU
		{001FD844-273F-41E0-B2D1-AEC67AE454BC}.Debug|Mixed Platforms.ActiveCfg = Debug|Any CPU
		{001FD844-273F-41E0-B2D1-AEC67AE454BC}.Debug|Mixed Platforms.Build.0 = Debug|Any CPU
		{001FD844-273F-41E0-B2D1-AEC67AE454BC}.Debug|Mixed Platforms.Deploy.0 = Debug|Any CPU
		{001FD844-273F-41E0-B2D1-AEC67AE454BC}.Debug|x86.ActiveCfg = Debug|Any CPU
		{001FD844-273F-41E0-B2D1-AEC67AE454BC}.Release|Any CPU.ActiveCfg = Release|Any CPU
		{001FD844-273F-41E0-B2D1-AEC67AE454BC}.Release|Any CPU.Build.0 = Release|Any CPU
		{001FD844-273F-41E0-B2D1-AEC67AE454BC}.Release|Any CPU.Deploy.0 = Release|Any CPU
		{001FD844-273F-41E0-B2D1-AEC67AE454BC}.Release|ARM.ActiveCfg = Release|Any CPU
		{001FD844-273F-41E0-B2D1-AEC67AE454BC}.Release|iPhone.ActiveCfg = Release|Any CPU
		{001FD844-273F-41E0-B2D1-AEC67AE454BC}.Release|iPhoneSimulator.ActiveCfg = Release|Any CPU
		{001FD844-273F-41E0-B2D1-AEC67AE454BC}.Release|Mixed Platforms.ActiveCfg = Release|Any CPU
		{001FD844-273F-41E0-B2D1-AEC67AE454BC}.Release|Mixed Platforms.Build.0 = Release|Any CPU
		{001FD844-273F-41E0-B2D1-AEC67AE454BC}.Release|Mixed Platforms.Deploy.0 = Release|Any CPU
		{001FD844-273F-41E0-B2D1-AEC67AE454BC}.Release|x86.ActiveCfg = Release|Any CPU
		{D09D14DB-E77D-46C6-8DBF-5B634EB740FD}.Ad-Hoc|Any CPU.ActiveCfg = Ad-Hoc|iPhone
		{D09D14DB-E77D-46C6-8DBF-5B634EB740FD}.Ad-Hoc|ARM.ActiveCfg = Ad-Hoc|iPhone
		{D09D14DB-E77D-46C6-8DBF-5B634EB740FD}.Ad-Hoc|iPhone.ActiveCfg = Ad-Hoc|iPhone
		{D09D14DB-E77D-46C6-8DBF-5B634EB740FD}.Ad-Hoc|iPhone.Build.0 = Ad-Hoc|iPhone
		{D09D14DB-E77D-46C6-8DBF-5B634EB740FD}.Ad-Hoc|iPhoneSimulator.ActiveCfg = Ad-Hoc|iPhoneSimulator
		{D09D14DB-E77D-46C6-8DBF-5B634EB740FD}.Ad-Hoc|iPhoneSimulator.Build.0 = Ad-Hoc|iPhoneSimulator
		{D09D14DB-E77D-46C6-8DBF-5B634EB740FD}.Ad-Hoc|Mixed Platforms.ActiveCfg = Ad-Hoc|iPhone
		{D09D14DB-E77D-46C6-8DBF-5B634EB740FD}.Ad-Hoc|Mixed Platforms.Build.0 = Ad-Hoc|iPhone
		{D09D14DB-E77D-46C6-8DBF-5B634EB740FD}.Ad-Hoc|x86.ActiveCfg = Ad-Hoc|iPhone
		{D09D14DB-E77D-46C6-8DBF-5B634EB740FD}.AppStore|Any CPU.ActiveCfg = AppStore|iPhone
		{D09D14DB-E77D-46C6-8DBF-5B634EB740FD}.AppStore|ARM.ActiveCfg = AppStore|iPhone
		{D09D14DB-E77D-46C6-8DBF-5B634EB740FD}.AppStore|iPhone.ActiveCfg = AppStore|iPhone
		{D09D14DB-E77D-46C6-8DBF-5B634EB740FD}.AppStore|iPhone.Build.0 = AppStore|iPhone
		{D09D14DB-E77D-46C6-8DBF-5B634EB740FD}.AppStore|iPhoneSimulator.ActiveCfg = AppStore|iPhoneSimulator
		{D09D14DB-E77D-46C6-8DBF-5B634EB740FD}.AppStore|iPhoneSimulator.Build.0 = AppStore|iPhoneSimulator
		{D09D14DB-E77D-46C6-8DBF-5B634EB740FD}.AppStore|Mixed Platforms.ActiveCfg = AppStore|iPhone
		{D09D14DB-E77D-46C6-8DBF-5B634EB740FD}.AppStore|Mixed Platforms.Build.0 = AppStore|iPhone
		{D09D14DB-E77D-46C6-8DBF-5B634EB740FD}.AppStore|x86.ActiveCfg = AppStore|iPhone
		{D09D14DB-E77D-46C6-8DBF-5B634EB740FD}.Debug|Any CPU.ActiveCfg = Debug|iPhone
		{D09D14DB-E77D-46C6-8DBF-5B634EB740FD}.Debug|ARM.ActiveCfg = Debug|iPhone
		{D09D14DB-E77D-46C6-8DBF-5B634EB740FD}.Debug|iPhone.ActiveCfg = Debug|iPhone
		{D09D14DB-E77D-46C6-8DBF-5B634EB740FD}.Debug|iPhone.Build.0 = Debug|iPhone
		{D09D14DB-E77D-46C6-8DBF-5B634EB740FD}.Debug|iPhoneSimulator.ActiveCfg = Debug|iPhoneSimulator
		{D09D14DB-E77D-46C6-8DBF-5B634EB740FD}.Debug|iPhoneSimulator.Build.0 = Debug|iPhoneSimulator
		{D09D14DB-E77D-46C6-8DBF-5B634EB740FD}.Debug|Mixed Platforms.ActiveCfg = Debug|iPhone
		{D09D14DB-E77D-46C6-8DBF-5B634EB740FD}.Debug|Mixed Platforms.Build.0 = Debug|iPhone
		{D09D14DB-E77D-46C6-8DBF-5B634EB740FD}.Debug|x86.ActiveCfg = Debug|iPhone
		{D09D14DB-E77D-46C6-8DBF-5B634EB740FD}.Release|Any CPU.ActiveCfg = Release|iPhone
		{D09D14DB-E77D-46C6-8DBF-5B634EB740FD}.Release|ARM.ActiveCfg = Release|iPhone
		{D09D14DB-E77D-46C6-8DBF-5B634EB740FD}.Release|iPhone.ActiveCfg = Release|iPhone
		{D09D14DB-E77D-46C6-8DBF-5B634EB740FD}.Release|iPhone.Build.0 = Release|iPhone
		{D09D14DB-E77D-46C6-8DBF-5B634EB740FD}.Release|iPhoneSimulator.ActiveCfg = Release|iPhoneSimulator
		{D09D14DB-E77D-46C6-8DBF-5B634EB740FD}.Release|iPhoneSimulator.Build.0 = Release|iPhoneSimulator
		{D09D14DB-E77D-46C6-8DBF-5B634EB740FD}.Release|Mixed Platforms.ActiveCfg = Release|iPhone
		{D09D14DB-E77D-46C6-8DBF-5B634EB740FD}.Release|Mixed Platforms.Build.0 = Release|iPhone
		{D09D14DB-E77D-46C6-8DBF-5B634EB740FD}.Release|x86.ActiveCfg = Release|iPhone
		{50F0EDC2-F36E-4020-B524-4D13D3F2C5EC}.Ad-Hoc|Any CPU.ActiveCfg = Release|Any CPU
		{50F0EDC2-F36E-4020-B524-4D13D3F2C5EC}.Ad-Hoc|Any CPU.Build.0 = Release|Any CPU
		{50F0EDC2-F36E-4020-B524-4D13D3F2C5EC}.Ad-Hoc|Any CPU.Deploy.0 = Release|Any CPU
		{50F0EDC2-F36E-4020-B524-4D13D3F2C5EC}.Ad-Hoc|ARM.ActiveCfg = Release|ARM
		{50F0EDC2-F36E-4020-B524-4D13D3F2C5EC}.Ad-Hoc|ARM.Build.0 = Release|ARM
		{50F0EDC2-F36E-4020-B524-4D13D3F2C5EC}.Ad-Hoc|ARM.Deploy.0 = Release|ARM
		{50F0EDC2-F36E-4020-B524-4D13D3F2C5EC}.Ad-Hoc|iPhone.ActiveCfg = Release|Any CPU
		{50F0EDC2-F36E-4020-B524-4D13D3F2C5EC}.Ad-Hoc|iPhoneSimulator.ActiveCfg = Release|Any CPU
		{50F0EDC2-F36E-4020-B524-4D13D3F2C5EC}.Ad-Hoc|Mixed Platforms.ActiveCfg = Release|x86
		{50F0EDC2-F36E-4020-B524-4D13D3F2C5EC}.Ad-Hoc|Mixed Platforms.Build.0 = Release|x86
		{50F0EDC2-F36E-4020-B524-4D13D3F2C5EC}.Ad-Hoc|Mixed Platforms.Deploy.0 = Release|x86
		{50F0EDC2-F36E-4020-B524-4D13D3F2C5EC}.Ad-Hoc|x86.ActiveCfg = Release|x86
		{50F0EDC2-F36E-4020-B524-4D13D3F2C5EC}.Ad-Hoc|x86.Build.0 = Release|x86
		{50F0EDC2-F36E-4020-B524-4D13D3F2C5EC}.Ad-Hoc|x86.Deploy.0 = Release|x86
		{50F0EDC2-F36E-4020-B524-4D13D3F2C5EC}.AppStore|Any CPU.ActiveCfg = Release|Any CPU
		{50F0EDC2-F36E-4020-B524-4D13D3F2C5EC}.AppStore|Any CPU.Build.0 = Release|Any CPU
		{50F0EDC2-F36E-4020-B524-4D13D3F2C5EC}.AppStore|Any CPU.Deploy.0 = Release|Any CPU
		{50F0EDC2-F36E-4020-B524-4D13D3F2C5EC}.AppStore|ARM.ActiveCfg = Release|ARM
		{50F0EDC2-F36E-4020-B524-4D13D3F2C5EC}.AppStore|ARM.Build.0 = Release|ARM
		{50F0EDC2-F36E-4020-B524-4D13D3F2C5EC}.AppStore|ARM.Deploy.0 = Release|ARM
		{50F0EDC2-F36E-4020-B524-4D13D3F2C5EC}.AppStore|iPhone.ActiveCfg = Release|Any CPU
		{50F0EDC2-F36E-4020-B524-4D13D3F2C5EC}.AppStore|iPhoneSimulator.ActiveCfg = Release|Any CPU
		{50F0EDC2-F36E-4020-B524-4D13D3F2C5EC}.AppStore|Mixed Platforms.ActiveCfg = Release|x86
		{50F0EDC2-F36E-4020-B524-4D13D3F2C5EC}.AppStore|Mixed Platforms.Build.0 = Release|x86
		{50F0EDC2-F36E-4020-B524-4D13D3F2C5EC}.AppStore|Mixed Platforms.Deploy.0 = Release|x86
		{50F0EDC2-F36E-4020-B524-4D13D3F2C5EC}.AppStore|x86.ActiveCfg = Release|x86
		{50F0EDC2-F36E-4020-B524-4D13D3F2C5EC}.AppStore|x86.Build.0 = Release|x86
		{50F0EDC2-F36E-4020-B524-4D13D3F2C5EC}.AppStore|x86.Deploy.0 = Release|x86
		{50F0EDC2-F36E-4020-B524-4D13D3F2C5EC}.Debug|Any CPU.ActiveCfg = Debug|Any CPU
		{50F0EDC2-F36E-4020-B524-4D13D3F2C5EC}.Debug|Any CPU.Build.0 = Debug|Any CPU
		{50F0EDC2-F36E-4020-B524-4D13D3F2C5EC}.Debug|Any CPU.Deploy.0 = Debug|Any CPU
		{50F0EDC2-F36E-4020-B524-4D13D3F2C5EC}.Debug|ARM.ActiveCfg = Debug|ARM
		{50F0EDC2-F36E-4020-B524-4D13D3F2C5EC}.Debug|ARM.Build.0 = Debug|ARM
		{50F0EDC2-F36E-4020-B524-4D13D3F2C5EC}.Debug|ARM.Deploy.0 = Debug|ARM
		{50F0EDC2-F36E-4020-B524-4D13D3F2C5EC}.Debug|iPhone.ActiveCfg = Debug|Any CPU
		{50F0EDC2-F36E-4020-B524-4D13D3F2C5EC}.Debug|iPhoneSimulator.ActiveCfg = Debug|Any CPU
		{50F0EDC2-F36E-4020-B524-4D13D3F2C5EC}.Debug|Mixed Platforms.ActiveCfg = Debug|x86
		{50F0EDC2-F36E-4020-B524-4D13D3F2C5EC}.Debug|Mixed Platforms.Build.0 = Debug|x86
		{50F0EDC2-F36E-4020-B524-4D13D3F2C5EC}.Debug|Mixed Platforms.Deploy.0 = Debug|x86
		{50F0EDC2-F36E-4020-B524-4D13D3F2C5EC}.Debug|x86.ActiveCfg = Debug|x86
		{50F0EDC2-F36E-4020-B524-4D13D3F2C5EC}.Debug|x86.Build.0 = Debug|x86
		{50F0EDC2-F36E-4020-B524-4D13D3F2C5EC}.Debug|x86.Deploy.0 = Debug|x86
		{50F0EDC2-F36E-4020-B524-4D13D3F2C5EC}.Release|Any CPU.ActiveCfg = Release|Any CPU
		{50F0EDC2-F36E-4020-B524-4D13D3F2C5EC}.Release|Any CPU.Build.0 = Release|Any CPU
		{50F0EDC2-F36E-4020-B524-4D13D3F2C5EC}.Release|Any CPU.Deploy.0 = Release|Any CPU
		{50F0EDC2-F36E-4020-B524-4D13D3F2C5EC}.Release|ARM.ActiveCfg = Release|ARM
		{50F0EDC2-F36E-4020-B524-4D13D3F2C5EC}.Release|ARM.Build.0 = Release|ARM
		{50F0EDC2-F36E-4020-B524-4D13D3F2C5EC}.Release|ARM.Deploy.0 = Release|ARM
		{50F0EDC2-F36E-4020-B524-4D13D3F2C5EC}.Release|iPhone.ActiveCfg = Release|Any CPU
		{50F0EDC2-F36E-4020-B524-4D13D3F2C5EC}.Release|iPhoneSimulator.ActiveCfg = Release|Any CPU
		{50F0EDC2-F36E-4020-B524-4D13D3F2C5EC}.Release|Mixed Platforms.ActiveCfg = Release|x86
		{50F0EDC2-F36E-4020-B524-4D13D3F2C5EC}.Release|Mixed Platforms.Build.0 = Release|x86
		{50F0EDC2-F36E-4020-B524-4D13D3F2C5EC}.Release|Mixed Platforms.Deploy.0 = Release|x86
		{50F0EDC2-F36E-4020-B524-4D13D3F2C5EC}.Release|x86.ActiveCfg = Release|x86
		{50F0EDC2-F36E-4020-B524-4D13D3F2C5EC}.Release|x86.Build.0 = Release|x86
		{50F0EDC2-F36E-4020-B524-4D13D3F2C5EC}.Release|x86.Deploy.0 = Release|x86
		{F761D2AD-BB2D-489A-A6D9-268A5A6CA344}.Ad-Hoc|Any CPU.ActiveCfg = Release|Any CPU
		{F761D2AD-BB2D-489A-A6D9-268A5A6CA344}.Ad-Hoc|Any CPU.Build.0 = Release|Any CPU
		{F761D2AD-BB2D-489A-A6D9-268A5A6CA344}.Ad-Hoc|ARM.ActiveCfg = Release|Any CPU
		{F761D2AD-BB2D-489A-A6D9-268A5A6CA344}.Ad-Hoc|iPhone.ActiveCfg = Release|Any CPU
		{F761D2AD-BB2D-489A-A6D9-268A5A6CA344}.Ad-Hoc|iPhoneSimulator.ActiveCfg = Release|Any CPU
		{F761D2AD-BB2D-489A-A6D9-268A5A6CA344}.Ad-Hoc|Mixed Platforms.ActiveCfg = Release|Any CPU
		{F761D2AD-BB2D-489A-A6D9-268A5A6CA344}.Ad-Hoc|Mixed Platforms.Build.0 = Release|Any CPU
		{F761D2AD-BB2D-489A-A6D9-268A5A6CA344}.Ad-Hoc|x86.ActiveCfg = Release|Any CPU
		{F761D2AD-BB2D-489A-A6D9-268A5A6CA344}.AppStore|Any CPU.ActiveCfg = Release|Any CPU
		{F761D2AD-BB2D-489A-A6D9-268A5A6CA344}.AppStore|Any CPU.Build.0 = Release|Any CPU
		{F761D2AD-BB2D-489A-A6D9-268A5A6CA344}.AppStore|ARM.ActiveCfg = Release|Any CPU
		{F761D2AD-BB2D-489A-A6D9-268A5A6CA344}.AppStore|iPhone.ActiveCfg = Release|Any CPU
		{F761D2AD-BB2D-489A-A6D9-268A5A6CA344}.AppStore|iPhoneSimulator.ActiveCfg = Release|Any CPU
		{F761D2AD-BB2D-489A-A6D9-268A5A6CA344}.AppStore|Mixed Platforms.ActiveCfg = Release|Any CPU
		{F761D2AD-BB2D-489A-A6D9-268A5A6CA344}.AppStore|Mixed Platforms.Build.0 = Release|Any CPU
		{F761D2AD-BB2D-489A-A6D9-268A5A6CA344}.AppStore|x86.ActiveCfg = Release|Any CPU
		{F761D2AD-BB2D-489A-A6D9-268A5A6CA344}.Debug|Any CPU.ActiveCfg = Debug|Any CPU
		{F761D2AD-BB2D-489A-A6D9-268A5A6CA344}.Debug|Any CPU.Build.0 = Debug|Any CPU
		{F761D2AD-BB2D-489A-A6D9-268A5A6CA344}.Debug|ARM.ActiveCfg = Debug|Any CPU
		{F761D2AD-BB2D-489A-A6D9-268A5A6CA344}.Debug|iPhone.ActiveCfg = Debug|Any CPU
		{F761D2AD-BB2D-489A-A6D9-268A5A6CA344}.Debug|iPhoneSimulator.ActiveCfg = Debug|Any CPU
		{F761D2AD-BB2D-489A-A6D9-268A5A6CA344}.Debug|Mixed Platforms.ActiveCfg = Debug|Any CPU
		{F761D2AD-BB2D-489A-A6D9-268A5A6CA344}.Debug|Mixed Platforms.Build.0 = Debug|Any CPU
		{F761D2AD-BB2D-489A-A6D9-268A5A6CA344}.Debug|x86.ActiveCfg = Debug|Any CPU
		{F761D2AD-BB2D-489A-A6D9-268A5A6CA344}.Release|Any CPU.ActiveCfg = Release|Any CPU
		{F761D2AD-BB2D-489A-A6D9-268A5A6CA344}.Release|Any CPU.Build.0 = Release|Any CPU
		{F761D2AD-BB2D-489A-A6D9-268A5A6CA344}.Release|ARM.ActiveCfg = Release|Any CPU
		{F761D2AD-BB2D-489A-A6D9-268A5A6CA344}.Release|iPhone.ActiveCfg = Release|Any CPU
		{F761D2AD-BB2D-489A-A6D9-268A5A6CA344}.Release|iPhoneSimulator.ActiveCfg = Release|Any CPU
		{F761D2AD-BB2D-489A-A6D9-268A5A6CA344}.Release|Mixed Platforms.ActiveCfg = Release|Any CPU
		{F761D2AD-BB2D-489A-A6D9-268A5A6CA344}.Release|Mixed Platforms.Build.0 = Release|Any CPU
		{F761D2AD-BB2D-489A-A6D9-268A5A6CA344}.Release|x86.ActiveCfg = Release|Any CPU
		{E9AAFE40-0D09-4D15-97CC-2C5139734272}.Ad-Hoc|Any CPU.ActiveCfg = Release|Any CPU
		{E9AAFE40-0D09-4D15-97CC-2C5139734272}.Ad-Hoc|Any CPU.Build.0 = Release|Any CPU
		{E9AAFE40-0D09-4D15-97CC-2C5139734272}.Ad-Hoc|Any CPU.Deploy.0 = Release|Any CPU
		{E9AAFE40-0D09-4D15-97CC-2C5139734272}.Ad-Hoc|ARM.ActiveCfg = Release|Any CPU
		{E9AAFE40-0D09-4D15-97CC-2C5139734272}.Ad-Hoc|iPhone.ActiveCfg = Release|Any CPU
		{E9AAFE40-0D09-4D15-97CC-2C5139734272}.Ad-Hoc|iPhoneSimulator.ActiveCfg = Release|Any CPU
		{E9AAFE40-0D09-4D15-97CC-2C5139734272}.Ad-Hoc|Mixed Platforms.ActiveCfg = Release|Any CPU
		{E9AAFE40-0D09-4D15-97CC-2C5139734272}.Ad-Hoc|Mixed Platforms.Build.0 = Release|Any CPU
		{E9AAFE40-0D09-4D15-97CC-2C5139734272}.Ad-Hoc|Mixed Platforms.Deploy.0 = Release|Any CPU
		{E9AAFE40-0D09-4D15-97CC-2C5139734272}.Ad-Hoc|x86.ActiveCfg = Release|Any CPU
		{E9AAFE40-0D09-4D15-97CC-2C5139734272}.AppStore|Any CPU.ActiveCfg = Release|Any CPU
		{E9AAFE40-0D09-4D15-97CC-2C5139734272}.AppStore|Any CPU.Build.0 = Release|Any CPU
		{E9AAFE40-0D09-4D15-97CC-2C5139734272}.AppStore|Any CPU.Deploy.0 = Release|Any CPU
		{E9AAFE40-0D09-4D15-97CC-2C5139734272}.AppStore|ARM.ActiveCfg = Release|Any CPU
		{E9AAFE40-0D09-4D15-97CC-2C5139734272}.AppStore|iPhone.ActiveCfg = Release|Any CPU
		{E9AAFE40-0D09-4D15-97CC-2C5139734272}.AppStore|iPhoneSimulator.ActiveCfg = Release|Any CPU
		{E9AAFE40-0D09-4D15-97CC-2C5139734272}.AppStore|Mixed Platforms.ActiveCfg = Release|Any CPU
		{E9AAFE40-0D09-4D15-97CC-2C5139734272}.AppStore|Mixed Platforms.Build.0 = Release|Any CPU
		{E9AAFE40-0D09-4D15-97CC-2C5139734272}.AppStore|Mixed Platforms.Deploy.0 = Release|Any CPU
		{E9AAFE40-0D09-4D15-97CC-2C5139734272}.AppStore|x86.ActiveCfg = Release|Any CPU
		{E9AAFE40-0D09-4D15-97CC-2C5139734272}.Debug|Any CPU.ActiveCfg = Debug|Any CPU
		{E9AAFE40-0D09-4D15-97CC-2C5139734272}.Debug|Any CPU.Build.0 = Debug|Any CPU
		{E9AAFE40-0D09-4D15-97CC-2C5139734272}.Debug|Any CPU.Deploy.0 = Debug|Any CPU
		{E9AAFE40-0D09-4D15-97CC-2C5139734272}.Debug|ARM.ActiveCfg = Debug|Any CPU
		{E9AAFE40-0D09-4D15-97CC-2C5139734272}.Debug|iPhone.ActiveCfg = Debug|Any CPU
		{E9AAFE40-0D09-4D15-97CC-2C5139734272}.Debug|iPhoneSimulator.ActiveCfg = Debug|Any CPU
		{E9AAFE40-0D09-4D15-97CC-2C5139734272}.Debug|Mixed Platforms.ActiveCfg = Debug|Any CPU
		{E9AAFE40-0D09-4D15-97CC-2C5139734272}.Debug|Mixed Platforms.Build.0 = Debug|Any CPU
		{E9AAFE40-0D09-4D15-97CC-2C5139734272}.Debug|Mixed Platforms.Deploy.0 = Debug|Any CPU
		{E9AAFE40-0D09-4D15-97CC-2C5139734272}.Debug|x86.ActiveCfg = Debug|Any CPU
		{E9AAFE40-0D09-4D15-97CC-2C5139734272}.Release|Any CPU.ActiveCfg = Release|Any CPU
		{E9AAFE40-0D09-4D15-97CC-2C5139734272}.Release|Any CPU.Build.0 = Release|Any CPU
		{E9AAFE40-0D09-4D15-97CC-2C5139734272}.Release|Any CPU.Deploy.0 = Release|Any CPU
		{E9AAFE40-0D09-4D15-97CC-2C5139734272}.Release|ARM.ActiveCfg = Release|Any CPU
		{E9AAFE40-0D09-4D15-97CC-2C5139734272}.Release|iPhone.ActiveCfg = Release|Any CPU
		{E9AAFE40-0D09-4D15-97CC-2C5139734272}.Release|iPhoneSimulator.ActiveCfg = Release|Any CPU
		{E9AAFE40-0D09-4D15-97CC-2C5139734272}.Release|Mixed Platforms.ActiveCfg = Release|Any CPU
		{E9AAFE40-0D09-4D15-97CC-2C5139734272}.Release|Mixed Platforms.Build.0 = Release|Any CPU
		{E9AAFE40-0D09-4D15-97CC-2C5139734272}.Release|Mixed Platforms.Deploy.0 = Release|Any CPU
		{E9AAFE40-0D09-4D15-97CC-2C5139734272}.Release|x86.ActiveCfg = Release|Any CPU
		{9C768AE8-5618-4109-8BC8-A8690964BB24}.Ad-Hoc|Any CPU.ActiveCfg = Ad-Hoc|iPhone
		{9C768AE8-5618-4109-8BC8-A8690964BB24}.Ad-Hoc|ARM.ActiveCfg = Ad-Hoc|iPhone
		{9C768AE8-5618-4109-8BC8-A8690964BB24}.Ad-Hoc|iPhone.ActiveCfg = Ad-Hoc|iPhone
		{9C768AE8-5618-4109-8BC8-A8690964BB24}.Ad-Hoc|iPhone.Build.0 = Ad-Hoc|iPhone
		{9C768AE8-5618-4109-8BC8-A8690964BB24}.Ad-Hoc|iPhoneSimulator.ActiveCfg = Ad-Hoc|iPhoneSimulator
		{9C768AE8-5618-4109-8BC8-A8690964BB24}.Ad-Hoc|iPhoneSimulator.Build.0 = Ad-Hoc|iPhoneSimulator
		{9C768AE8-5618-4109-8BC8-A8690964BB24}.Ad-Hoc|Mixed Platforms.ActiveCfg = Ad-Hoc|iPhone
		{9C768AE8-5618-4109-8BC8-A8690964BB24}.Ad-Hoc|Mixed Platforms.Build.0 = Ad-Hoc|iPhone
		{9C768AE8-5618-4109-8BC8-A8690964BB24}.Ad-Hoc|x86.ActiveCfg = Ad-Hoc|iPhone
		{9C768AE8-5618-4109-8BC8-A8690964BB24}.AppStore|Any CPU.ActiveCfg = AppStore|iPhone
		{9C768AE8-5618-4109-8BC8-A8690964BB24}.AppStore|ARM.ActiveCfg = AppStore|iPhone
		{9C768AE8-5618-4109-8BC8-A8690964BB24}.AppStore|iPhone.ActiveCfg = AppStore|iPhone
		{9C768AE8-5618-4109-8BC8-A8690964BB24}.AppStore|iPhone.Build.0 = AppStore|iPhone
		{9C768AE8-5618-4109-8BC8-A8690964BB24}.AppStore|iPhoneSimulator.ActiveCfg = AppStore|iPhoneSimulator
		{9C768AE8-5618-4109-8BC8-A8690964BB24}.AppStore|iPhoneSimulator.Build.0 = AppStore|iPhoneSimulator
		{9C768AE8-5618-4109-8BC8-A8690964BB24}.AppStore|Mixed Platforms.ActiveCfg = AppStore|iPhone
		{9C768AE8-5618-4109-8BC8-A8690964BB24}.AppStore|Mixed Platforms.Build.0 = AppStore|iPhone
		{9C768AE8-5618-4109-8BC8-A8690964BB24}.AppStore|x86.ActiveCfg = AppStore|iPhone
		{9C768AE8-5618-4109-8BC8-A8690964BB24}.Debug|Any CPU.ActiveCfg = Debug|iPhone
		{9C768AE8-5618-4109-8BC8-A8690964BB24}.Debug|ARM.ActiveCfg = Debug|iPhone
		{9C768AE8-5618-4109-8BC8-A8690964BB24}.Debug|iPhone.ActiveCfg = Debug|iPhone
		{9C768AE8-5618-4109-8BC8-A8690964BB24}.Debug|iPhone.Build.0 = Debug|iPhone
		{9C768AE8-5618-4109-8BC8-A8690964BB24}.Debug|iPhoneSimulator.ActiveCfg = Debug|iPhoneSimulator
		{9C768AE8-5618-4109-8BC8-A8690964BB24}.Debug|iPhoneSimulator.Build.0 = Debug|iPhoneSimulator
		{9C768AE8-5618-4109-8BC8-A8690964BB24}.Debug|Mixed Platforms.ActiveCfg = Debug|iPhone
		{9C768AE8-5618-4109-8BC8-A8690964BB24}.Debug|Mixed Platforms.Build.0 = Debug|iPhone
		{9C768AE8-5618-4109-8BC8-A8690964BB24}.Debug|x86.ActiveCfg = Debug|iPhone
		{9C768AE8-5618-4109-8BC8-A8690964BB24}.Release|Any CPU.ActiveCfg = Release|iPhone
		{9C768AE8-5618-4109-8BC8-A8690964BB24}.Release|ARM.ActiveCfg = Release|iPhone
		{9C768AE8-5618-4109-8BC8-A8690964BB24}.Release|iPhone.ActiveCfg = Release|iPhone
		{9C768AE8-5618-4109-8BC8-A8690964BB24}.Release|iPhone.Build.0 = Release|iPhone
		{9C768AE8-5618-4109-8BC8-A8690964BB24}.Release|iPhoneSimulator.ActiveCfg = Release|iPhoneSimulator
		{9C768AE8-5618-4109-8BC8-A8690964BB24}.Release|iPhoneSimulator.Build.0 = Release|iPhoneSimulator
		{9C768AE8-5618-4109-8BC8-A8690964BB24}.Release|Mixed Platforms.ActiveCfg = Release|iPhone
		{9C768AE8-5618-4109-8BC8-A8690964BB24}.Release|Mixed Platforms.Build.0 = Release|iPhone
		{9C768AE8-5618-4109-8BC8-A8690964BB24}.Release|x86.ActiveCfg = Release|iPhone
		{A6264653-6F37-4E6D-A65A-27B66A5C1674}.Ad-Hoc|Any CPU.ActiveCfg = Release|Any CPU
		{A6264653-6F37-4E6D-A65A-27B66A5C1674}.Ad-Hoc|Any CPU.Build.0 = Release|Any CPU
		{A6264653-6F37-4E6D-A65A-27B66A5C1674}.Ad-Hoc|Any CPU.Deploy.0 = Release|Any CPU
		{A6264653-6F37-4E6D-A65A-27B66A5C1674}.Ad-Hoc|ARM.ActiveCfg = Release|ARM
		{A6264653-6F37-4E6D-A65A-27B66A5C1674}.Ad-Hoc|ARM.Build.0 = Release|ARM
		{A6264653-6F37-4E6D-A65A-27B66A5C1674}.Ad-Hoc|ARM.Deploy.0 = Release|ARM
		{A6264653-6F37-4E6D-A65A-27B66A5C1674}.Ad-Hoc|iPhone.ActiveCfg = Release|Any CPU
		{A6264653-6F37-4E6D-A65A-27B66A5C1674}.Ad-Hoc|iPhoneSimulator.ActiveCfg = Release|Any CPU
		{A6264653-6F37-4E6D-A65A-27B66A5C1674}.Ad-Hoc|Mixed Platforms.ActiveCfg = Release|x86
		{A6264653-6F37-4E6D-A65A-27B66A5C1674}.Ad-Hoc|Mixed Platforms.Build.0 = Release|x86
		{A6264653-6F37-4E6D-A65A-27B66A5C1674}.Ad-Hoc|Mixed Platforms.Deploy.0 = Release|x86
		{A6264653-6F37-4E6D-A65A-27B66A5C1674}.Ad-Hoc|x86.ActiveCfg = Release|x86
		{A6264653-6F37-4E6D-A65A-27B66A5C1674}.Ad-Hoc|x86.Build.0 = Release|x86
		{A6264653-6F37-4E6D-A65A-27B66A5C1674}.Ad-Hoc|x86.Deploy.0 = Release|x86
		{A6264653-6F37-4E6D-A65A-27B66A5C1674}.AppStore|Any CPU.ActiveCfg = Release|Any CPU
		{A6264653-6F37-4E6D-A65A-27B66A5C1674}.AppStore|Any CPU.Build.0 = Release|Any CPU
		{A6264653-6F37-4E6D-A65A-27B66A5C1674}.AppStore|Any CPU.Deploy.0 = Release|Any CPU
		{A6264653-6F37-4E6D-A65A-27B66A5C1674}.AppStore|ARM.ActiveCfg = Release|ARM
		{A6264653-6F37-4E6D-A65A-27B66A5C1674}.AppStore|ARM.Build.0 = Release|ARM
		{A6264653-6F37-4E6D-A65A-27B66A5C1674}.AppStore|ARM.Deploy.0 = Release|ARM
		{A6264653-6F37-4E6D-A65A-27B66A5C1674}.AppStore|iPhone.ActiveCfg = Release|Any CPU
		{A6264653-6F37-4E6D-A65A-27B66A5C1674}.AppStore|iPhoneSimulator.ActiveCfg = Release|Any CPU
		{A6264653-6F37-4E6D-A65A-27B66A5C1674}.AppStore|Mixed Platforms.ActiveCfg = Release|x86
		{A6264653-6F37-4E6D-A65A-27B66A5C1674}.AppStore|Mixed Platforms.Build.0 = Release|x86
		{A6264653-6F37-4E6D-A65A-27B66A5C1674}.AppStore|Mixed Platforms.Deploy.0 = Release|x86
		{A6264653-6F37-4E6D-A65A-27B66A5C1674}.AppStore|x86.ActiveCfg = Release|x86
		{A6264653-6F37-4E6D-A65A-27B66A5C1674}.AppStore|x86.Build.0 = Release|x86
		{A6264653-6F37-4E6D-A65A-27B66A5C1674}.AppStore|x86.Deploy.0 = Release|x86
		{A6264653-6F37-4E6D-A65A-27B66A5C1674}.Debug|Any CPU.ActiveCfg = Debug|Any CPU
		{A6264653-6F37-4E6D-A65A-27B66A5C1674}.Debug|Any CPU.Build.0 = Debug|Any CPU
		{A6264653-6F37-4E6D-A65A-27B66A5C1674}.Debug|Any CPU.Deploy.0 = Debug|Any CPU
		{A6264653-6F37-4E6D-A65A-27B66A5C1674}.Debug|ARM.ActiveCfg = Debug|ARM
		{A6264653-6F37-4E6D-A65A-27B66A5C1674}.Debug|ARM.Build.0 = Debug|ARM
		{A6264653-6F37-4E6D-A65A-27B66A5C1674}.Debug|ARM.Deploy.0 = Debug|ARM
		{A6264653-6F37-4E6D-A65A-27B66A5C1674}.Debug|iPhone.ActiveCfg = Debug|Any CPU
		{A6264653-6F37-4E6D-A65A-27B66A5C1674}.Debug|iPhoneSimulator.ActiveCfg = Debug|Any CPU
		{A6264653-6F37-4E6D-A65A-27B66A5C1674}.Debug|Mixed Platforms.ActiveCfg = Debug|x86
		{A6264653-6F37-4E6D-A65A-27B66A5C1674}.Debug|Mixed Platforms.Build.0 = Debug|x86
		{A6264653-6F37-4E6D-A65A-27B66A5C1674}.Debug|Mixed Platforms.Deploy.0 = Debug|x86
		{A6264653-6F37-4E6D-A65A-27B66A5C1674}.Debug|x86.ActiveCfg = Debug|x86
		{A6264653-6F37-4E6D-A65A-27B66A5C1674}.Debug|x86.Build.0 = Debug|x86
		{A6264653-6F37-4E6D-A65A-27B66A5C1674}.Debug|x86.Deploy.0 = Debug|x86
		{A6264653-6F37-4E6D-A65A-27B66A5C1674}.Release|Any CPU.ActiveCfg = Release|Any CPU
		{A6264653-6F37-4E6D-A65A-27B66A5C1674}.Release|Any CPU.Build.0 = Release|Any CPU
		{A6264653-6F37-4E6D-A65A-27B66A5C1674}.Release|Any CPU.Deploy.0 = Release|Any CPU
		{A6264653-6F37-4E6D-A65A-27B66A5C1674}.Release|ARM.ActiveCfg = Release|ARM
		{A6264653-6F37-4E6D-A65A-27B66A5C1674}.Release|ARM.Build.0 = Release|ARM
		{A6264653-6F37-4E6D-A65A-27B66A5C1674}.Release|ARM.Deploy.0 = Release|ARM
		{A6264653-6F37-4E6D-A65A-27B66A5C1674}.Release|iPhone.ActiveCfg = Release|Any CPU
		{A6264653-6F37-4E6D-A65A-27B66A5C1674}.Release|iPhoneSimulator.ActiveCfg = Release|Any CPU
		{A6264653-6F37-4E6D-A65A-27B66A5C1674}.Release|Mixed Platforms.ActiveCfg = Release|x86
		{A6264653-6F37-4E6D-A65A-27B66A5C1674}.Release|Mixed Platforms.Build.0 = Release|x86
		{A6264653-6F37-4E6D-A65A-27B66A5C1674}.Release|Mixed Platforms.Deploy.0 = Release|x86
		{A6264653-6F37-4E6D-A65A-27B66A5C1674}.Release|x86.ActiveCfg = Release|x86
		{A6264653-6F37-4E6D-A65A-27B66A5C1674}.Release|x86.Build.0 = Release|x86
		{A6264653-6F37-4E6D-A65A-27B66A5C1674}.Release|x86.Deploy.0 = Release|x86
		{CAE0F603-53A0-4466-BCD0-D7B8C1ED7583}.Ad-Hoc|Any CPU.ActiveCfg = Release|Any CPU
		{CAE0F603-53A0-4466-BCD0-D7B8C1ED7583}.Ad-Hoc|Any CPU.Build.0 = Release|Any CPU
		{CAE0F603-53A0-4466-BCD0-D7B8C1ED7583}.Ad-Hoc|ARM.ActiveCfg = Release|Any CPU
		{CAE0F603-53A0-4466-BCD0-D7B8C1ED7583}.Ad-Hoc|iPhone.ActiveCfg = Release|Any CPU
		{CAE0F603-53A0-4466-BCD0-D7B8C1ED7583}.Ad-Hoc|iPhoneSimulator.ActiveCfg = Release|Any CPU
		{CAE0F603-53A0-4466-BCD0-D7B8C1ED7583}.Ad-Hoc|Mixed Platforms.ActiveCfg = Release|Any CPU
		{CAE0F603-53A0-4466-BCD0-D7B8C1ED7583}.Ad-Hoc|Mixed Platforms.Build.0 = Release|Any CPU
		{CAE0F603-53A0-4466-BCD0-D7B8C1ED7583}.Ad-Hoc|x86.ActiveCfg = Release|Any CPU
		{CAE0F603-53A0-4466-BCD0-D7B8C1ED7583}.AppStore|Any CPU.ActiveCfg = Release|Any CPU
		{CAE0F603-53A0-4466-BCD0-D7B8C1ED7583}.AppStore|Any CPU.Build.0 = Release|Any CPU
		{CAE0F603-53A0-4466-BCD0-D7B8C1ED7583}.AppStore|ARM.ActiveCfg = Release|Any CPU
		{CAE0F603-53A0-4466-BCD0-D7B8C1ED7583}.AppStore|iPhone.ActiveCfg = Release|Any CPU
		{CAE0F603-53A0-4466-BCD0-D7B8C1ED7583}.AppStore|iPhoneSimulator.ActiveCfg = Release|Any CPU
		{CAE0F603-53A0-4466-BCD0-D7B8C1ED7583}.AppStore|Mixed Platforms.ActiveCfg = Release|Any CPU
		{CAE0F603-53A0-4466-BCD0-D7B8C1ED7583}.AppStore|Mixed Platforms.Build.0 = Release|Any CPU
		{CAE0F603-53A0-4466-BCD0-D7B8C1ED7583}.AppStore|x86.ActiveCfg = Release|Any CPU
		{CAE0F603-53A0-4466-BCD0-D7B8C1ED7583}.Debug|Any CPU.ActiveCfg = Debug|Any CPU
		{CAE0F603-53A0-4466-BCD0-D7B8C1ED7583}.Debug|Any CPU.Build.0 = Debug|Any CPU
		{CAE0F603-53A0-4466-BCD0-D7B8C1ED7583}.Debug|ARM.ActiveCfg = Debug|Any CPU
		{CAE0F603-53A0-4466-BCD0-D7B8C1ED7583}.Debug|iPhone.ActiveCfg = Debug|Any CPU
		{CAE0F603-53A0-4466-BCD0-D7B8C1ED7583}.Debug|iPhoneSimulator.ActiveCfg = Debug|Any CPU
		{CAE0F603-53A0-4466-BCD0-D7B8C1ED7583}.Debug|Mixed Platforms.ActiveCfg = Debug|Any CPU
		{CAE0F603-53A0-4466-BCD0-D7B8C1ED7583}.Debug|Mixed Platforms.Build.0 = Debug|Any CPU
		{CAE0F603-53A0-4466-BCD0-D7B8C1ED7583}.Debug|x86.ActiveCfg = Debug|Any CPU
		{CAE0F603-53A0-4466-BCD0-D7B8C1ED7583}.Release|Any CPU.ActiveCfg = Release|Any CPU
		{CAE0F603-53A0-4466-BCD0-D7B8C1ED7583}.Release|Any CPU.Build.0 = Release|Any CPU
		{CAE0F603-53A0-4466-BCD0-D7B8C1ED7583}.Release|ARM.ActiveCfg = Release|Any CPU
		{CAE0F603-53A0-4466-BCD0-D7B8C1ED7583}.Release|iPhone.ActiveCfg = Release|Any CPU
		{CAE0F603-53A0-4466-BCD0-D7B8C1ED7583}.Release|iPhoneSimulator.ActiveCfg = Release|Any CPU
		{CAE0F603-53A0-4466-BCD0-D7B8C1ED7583}.Release|Mixed Platforms.ActiveCfg = Release|Any CPU
		{CAE0F603-53A0-4466-BCD0-D7B8C1ED7583}.Release|Mixed Platforms.Build.0 = Release|Any CPU
		{CAE0F603-53A0-4466-BCD0-D7B8C1ED7583}.Release|x86.ActiveCfg = Release|Any CPU
	EndGlobalSection
	GlobalSection(SolutionProperties) = preSolution
		HideSolutionNode = FALSE
	EndGlobalSection
	GlobalSection(NestedProjects) = preSolution
		{35AD6C03-2080-4B40-882F-255D07BC90D2} = {457FC15F-9874-4EF7-90F7-307DBB0B3379}
		{317AE755-2D2B-406C-A740-22A7609C3AEA} = {457FC15F-9874-4EF7-90F7-307DBB0B3379}
		{30E95C9D-FA9D-4A5C-8226-3CB4B9AFA742} = {457FC15F-9874-4EF7-90F7-307DBB0B3379}
		{FF0001F3-CD8B-4427-A81C-E90C72AA3D85} = {457FC15F-9874-4EF7-90F7-307DBB0B3379}
		{552D54F1-2642-4573-A272-665C7F96B227} = {35AD6C03-2080-4B40-882F-255D07BC90D2}
		{70B3F376-0569-46C7-9F7B-9AB208B50C6D} = {35AD6C03-2080-4B40-882F-255D07BC90D2}
		{53D7C643-7F0D-4FC4-B316-A12A5FBF20A7} = {35AD6C03-2080-4B40-882F-255D07BC90D2}
		{39C09294-E92E-4E6F-973F-4659B762E854} = {35AD6C03-2080-4B40-882F-255D07BC90D2}
		{7742A8A9-2229-4E55-9B64-E4B20163D201} = {775D827D-533C-446A-8D2A-D63E980CAFD6}
		{001FD844-273F-41E0-B2D1-AEC67AE454BC} = {775D827D-533C-446A-8D2A-D63E980CAFD6}
		{D09D14DB-E77D-46C6-8DBF-5B634EB740FD} = {775D827D-533C-446A-8D2A-D63E980CAFD6}
		{50F0EDC2-F36E-4020-B524-4D13D3F2C5EC} = {775D827D-533C-446A-8D2A-D63E980CAFD6}
		{F761D2AD-BB2D-489A-A6D9-268A5A6CA344} = {D59E952F-B4C8-4B0E-B7F4-FB74D3BB9612}
		{E9AAFE40-0D09-4D15-97CC-2C5139734272} = {D59E952F-B4C8-4B0E-B7F4-FB74D3BB9612}
		{9C768AE8-5618-4109-8BC8-A8690964BB24} = {D59E952F-B4C8-4B0E-B7F4-FB74D3BB9612}
		{A6264653-6F37-4E6D-A65A-27B66A5C1674} = {D59E952F-B4C8-4B0E-B7F4-FB74D3BB9612}
	EndGlobalSection
EndGlobal
